# This file is automatically @generated by Poetry 1.8.5 and should not be changed by hand.

[[package]]
name = "cornsnake"
version = "0.0.90"
description = "Wrap common Python utilities for working with files, git, ZIP, lists, processes, dates and times."
optional = false
python-versions = ">=3.11"
files = [
    {file = "cornsnake-0.0.90-py3-none-any.whl", hash = "sha256:1e8f339cad719ea1ff102e24d4599c8408392a0f973f9cc50818a1b1d6cd6ace"},
    {file = "cornsnake-0.0.90.tar.gz", hash = "sha256:f608f19e0ae226fcc291a61bf3dfff6163408a9907fe40ca91cba50ceaaab71e"},
]

[package.dependencies]
PyMuPDF = ">=1.24.0,<1.25.0"

[package.extras]
dev = ["build (>=1.0.3,<1.1.0)", "bumpver (>=2023.1129,<2024.0)", "bumpver (>=2023.1129,<2024.0)", "mypy (>=1.14.0,<1.15.0)", "parameterized (>=0.9.0,<0.10.0)", "parameterized (>=0.9.0,<0.10.0)", "pdoc (>=14.4.0,<14.5.0)", "pip-tools (>=7.3.0,<7.4.0)", "pkginfo (>=1.12.1.2,<1.13.0.0)", "ruff (>=0.3.4,<0.4.0)", "twine (>=5.0.0,<5.1.0)"]

[[package]]
name = "pymupdf"
version = "1.24.14"
description = "A high performance Python library for data extraction, analysis, conversion & manipulation of PDF (and other) documents."
optional = false
python-versions = ">=3.9"
files = [
    {file = "PyMuPDF-1.24.14-cp39-abi3-macosx_10_9_x86_64.whl", hash = "sha256:b3ad7a4f4b607ff97f2e1b8111823dd3797dbb381ec851c3ae4695fea6f68478"},
    {file = "PyMuPDF-1.24.14-cp39-abi3-macosx_11_0_arm64.whl", hash = "sha256:755906af4b4d693552ae5469ba682075853f4dc8a70639affd1bd6c049c5d900"},
    {file = "PyMuPDF-1.24.14-cp39-abi3-manylinux2014_aarch64.manylinux_2_17_aarch64.whl", hash = "sha256:37f24108e2e18150fb8d512dcccdfa1e3d9b9dd203ffaa7ffb959bb20aea40b4"},
    {file = "PyMuPDF-1.24.14-cp39-abi3-manylinux2014_x86_64.manylinux_2_17_x86_64.whl", hash = "sha256:0de4f5ed903c2be6d0abcccdc796368939b51ce03916eb53292916e3b6ea65d6"},
    {file = "PyMuPDF-1.24.14-cp39-abi3-musllinux_1_2_x86_64.whl", hash = "sha256:2d1b5c47df2f8055de5dedfbd3189c742188261a8c257f406378382adac94cff"},
    {file = "PyMuPDF-1.24.14-cp39-abi3-win32.whl", hash = "sha256:60a7ee7db3e0d3a4dcbe6df2781ba4487acb7e515c64ea9c857504f44effcb25"},
    {file = "PyMuPDF-1.24.14-cp39-abi3-win_amd64.whl", hash = "sha256:3d1f1ec2fe0249484afde7a0fc02589f19aaeb47c42939d23ae1d012aa1bc59b"},
    {file = "PyMuPDF-1.24.14.tar.gz", hash = "sha256:0eed9f998525eaf39706dbf2d0cf3162150f0f526e4a36b1748ffa50bde581ae"},
]

[metadata]
lock-version = "2.0"
python-versions = "^3.12"
content-hash = "63ab364279add05de0367d32cf8acd4908927bb777d9c3213e76c0d28151b727"
